# This file is automatically @generated by Cargo.
# It is not intended for manual editing.
[[package]]
name = "binary-v7"
version = "0.1.0"
dependencies = [
 "kernel",
]

[[package]]
name = "binary-v8"
version = "0.1.0"
dependencies = [
 "kernel",
]

[[package]]
name = "kernel"
version = "0.1.0"

[[package]]
name = "program"
version = "0.1.0"

[[package]]
name = "xtask"
version = "0.1.0"
